// !$*UTF8*$!
{
	archiveVersion = 1;
	classes = {
	};
	objectVersion = 46;
	objects = {

/* Begin PBXBuildFile section */
		6C2317251F11CBF600EB3193 /* Assets.xcassets in Resources */ = {isa = PBXBuildFile; fileRef = 6C2317241F11CBF600EB3193 /* Assets.xcassets */; };
		6C2317331F11CBF600EB3193 /* JTWeiboTests.swift in Sources */ = {isa = PBXBuildFile; fileRef = 6C2317321F11CBF600EB3193 /* JTWeiboTests.swift */; };
		6C23173E1F11CBF600EB3193 /* JTWeiboUITests.swift in Sources */ = {isa = PBXBuildFile; fileRef = 6C23173D1F11CBF600EB3193 /* JTWeiboUITests.swift */; };
		6C2317561F11D07D00EB3193 /* AppDelegate.swift in Sources */ = {isa = PBXBuildFile; fileRef = 6C2317531F11D07D00EB3193 /* AppDelegate.swift */; };
		6C2317581F11D11900EB3193 /* WBTabbarController.swift in Sources */ = {isa = PBXBuildFile; fileRef = 6C2317571F11D11900EB3193 /* WBTabbarController.swift */; };
		6C23175A1F11D13000EB3193 /* WBNavigationController.swift in Sources */ = {isa = PBXBuildFile; fileRef = 6C2317591F11D13000EB3193 /* WBNavigationController.swift */; };
		6C23175C1F11D16C00EB3193 /* WBBaseViewController.swift in Sources */ = {isa = PBXBuildFile; fileRef = 6C23175B1F11D16C00EB3193 /* WBBaseViewController.swift */; };
		6C2317631F11E41400EB3193 /* Bundle+Extension.swift in Sources */ = {isa = PBXBuildFile; fileRef = 6C2317621F11E41400EB3193 /* Bundle+Extension.swift */; };
		6C2317741F120AD700EB3193 /* NSArray+JTAddition.m in Sources */ = {isa = PBXBuildFile; fileRef = 6C2317671F120AD700EB3193 /* NSArray+JTAddition.m */; };
		6C2317751F120AD700EB3193 /* NSAttributedString+JTAdditon.m in Sources */ = {isa = PBXBuildFile; fileRef = 6C2317691F120AD700EB3193 /* NSAttributedString+JTAdditon.m */; };
		6C2317761F120AD700EB3193 /* NSObject+JTAddition.m in Sources */ = {isa = PBXBuildFile; fileRef = 6C23176B1F120AD700EB3193 /* NSObject+JTAddition.m */; };
		6C2317771F120AD700EB3193 /* UIColor+JTAddition.m in Sources */ = {isa = PBXBuildFile; fileRef = 6C23176D1F120AD700EB3193 /* UIColor+JTAddition.m */; };
		6C2317781F120AD700EB3193 /* UILabel+JTAddition.m in Sources */ = {isa = PBXBuildFile; fileRef = 6C23176F1F120AD700EB3193 /* UILabel+JTAddition.m */; };
		6C2317791F120AD700EB3193 /* UIView+JTAddition.m in Sources */ = {isa = PBXBuildFile; fileRef = 6C2317711F120AD700EB3193 /* UIView+JTAddition.m */; };
		6C23177A1F120AD700EB3193 /* UIViewController+JTAddition.m in Sources */ = {isa = PBXBuildFile; fileRef = 6C2317731F120AD700EB3193 /* UIViewController+JTAddition.m */; };
		6C2317821F1212D500EB3193 /* WBHomeViewController.swift in Sources */ = {isa = PBXBuildFile; fileRef = 6C2317801F1212D500EB3193 /* WBHomeViewController.swift */; };
		6C2317871F12131F00EB3193 /* WBMessageViewController.swift in Sources */ = {isa = PBXBuildFile; fileRef = 6C2317861F12131F00EB3193 /* WBMessageViewController.swift */; };
		6C2317891F12133D00EB3193 /* WBProfileViewController.swift in Sources */ = {isa = PBXBuildFile; fileRef = 6C2317881F12133D00EB3193 /* WBProfileViewController.swift */; };
		6C23178E1F12142600EB3193 /* WBDiscoverViewController.swift in Sources */ = {isa = PBXBuildFile; fileRef = 6C23178D1F12142600EB3193 /* WBDiscoverViewController.swift */; };
		6C2317911F121CA500EB3193 /* UIButton+JTAddition.m in Sources */ = {isa = PBXBuildFile; fileRef = 6C2317901F121CA500EB3193 /* UIButton+JTAddition.m */; };
		6C2317941F121E9400EB3193 /* UIImage+JTAddition.m in Sources */ = {isa = PBXBuildFile; fileRef = 6C2317931F121E9400EB3193 /* UIImage+JTAddition.m */; };
		6C2317991F124A0C00EB3193 /* WBTestViewController.swift in Sources */ = {isa = PBXBuildFile; fileRef = 6C2317981F124A0C00EB3193 /* WBTestViewController.swift */; };
		6C23179B1F12535E00EB3193 /* UIBarButtonItem+Extension.swift in Sources */ = {isa = PBXBuildFile; fileRef = 6C23179A1F12535E00EB3193 /* UIBarButtonItem+Extension.swift */; };
		6C23179E1F12597700EB3193 /* UIScreen+JTAddition.m in Sources */ = {isa = PBXBuildFile; fileRef = 6C23179D1F12597700EB3193 /* UIScreen+JTAddition.m */; };
		6C2317A01F136DE400EB3193 /* WBVisitorView.swift in Sources */ = {isa = PBXBuildFile; fileRef = 6C23179F1F136DE400EB3193 /* WBVisitorView.swift */; };
/* End PBXBuildFile section */

/* Begin PBXContainerItemProxy section */
		6C23172F1F11CBF600EB3193 /* PBXContainerItemProxy */ = {
			isa = PBXContainerItemProxy;
			containerPortal = 6C2317121F11CBF600EB3193 /* Project object */;
			proxyType = 1;
			remoteGlobalIDString = 6C2317191F11CBF600EB3193;
			remoteInfo = JTWeibo;
		};
		6C23173A1F11CBF600EB3193 /* PBXContainerItemProxy */ = {
			isa = PBXContainerItemProxy;
			containerPortal = 6C2317121F11CBF600EB3193 /* Project object */;
			proxyType = 1;
			remoteGlobalIDString = 6C2317191F11CBF600EB3193;
			remoteInfo = JTWeibo;
		};
/* End PBXContainerItemProxy section */

/* Begin PBXFileReference section */
		6C23171A1F11CBF600EB3193 /* JTWeibo.app */ = {isa = PBXFileReference; explicitFileType = wrapper.application; includeInIndex = 0; path = JTWeibo.app; sourceTree = BUILT_PRODUCTS_DIR; };
		6C2317241F11CBF600EB3193 /* Assets.xcassets */ = {isa = PBXFileReference; lastKnownFileType = folder.assetcatalog; path = Assets.xcassets; sourceTree = "<group>"; };
		6C2317291F11CBF600EB3193 /* Info.plist */ = {isa = PBXFileReference; lastKnownFileType = text.plist.xml; path = Info.plist; sourceTree = "<group>"; };
		6C23172E1F11CBF600EB3193 /* JTWeiboTests.xctest */ = {isa = PBXFileReference; explicitFileType = wrapper.cfbundle; includeInIndex = 0; path = JTWeiboTests.xctest; sourceTree = BUILT_PRODUCTS_DIR; };
		6C2317321F11CBF600EB3193 /* JTWeiboTests.swift */ = {isa = PBXFileReference; lastKnownFileType = sourcecode.swift; path = JTWeiboTests.swift; sourceTree = "<group>"; };
		6C2317341F11CBF600EB3193 /* Info.plist */ = {isa = PBXFileReference; lastKnownFileType = text.plist.xml; path = Info.plist; sourceTree = "<group>"; };
		6C2317391F11CBF600EB3193 /* JTWeiboUITests.xctest */ = {isa = PBXFileReference; explicitFileType = wrapper.cfbundle; includeInIndex = 0; path = JTWeiboUITests.xctest; sourceTree = BUILT_PRODUCTS_DIR; };
		6C23173D1F11CBF600EB3193 /* JTWeiboUITests.swift */ = {isa = PBXFileReference; lastKnownFileType = sourcecode.swift; path = JTWeiboUITests.swift; sourceTree = "<group>"; };
		6C23173F1F11CBF600EB3193 /* Info.plist */ = {isa = PBXFileReference; lastKnownFileType = text.plist.xml; path = Info.plist; sourceTree = "<group>"; };
		6C2317531F11D07D00EB3193 /* AppDelegate.swift */ = {isa = PBXFileReference; fileEncoding = 4; lastKnownFileType = sourcecode.swift; path = AppDelegate.swift; sourceTree = "<group>"; };
		6C2317571F11D11900EB3193 /* WBTabbarController.swift */ = {isa = PBXFileReference; fileEncoding = 4; lastKnownFileType = sourcecode.swift; path = WBTabbarController.swift; sourceTree = "<group>"; };
		6C2317591F11D13000EB3193 /* WBNavigationController.swift */ = {isa = PBXFileReference; fileEncoding = 4; lastKnownFileType = sourcecode.swift; path = WBNavigationController.swift; sourceTree = "<group>"; };
		6C23175B1F11D16C00EB3193 /* WBBaseViewController.swift */ = {isa = PBXFileReference; fileEncoding = 4; lastKnownFileType = sourcecode.swift; path = WBBaseViewController.swift; sourceTree = "<group>"; };
		6C2317621F11E41400EB3193 /* Bundle+Extension.swift */ = {isa = PBXFileReference; fileEncoding = 4; lastKnownFileType = sourcecode.swift; path = "Bundle+Extension.swift"; sourceTree = "<group>"; };
		6C2317651F120AD700EB3193 /* JTAdditions.h */ = {isa = PBXFileReference; fileEncoding = 4; lastKnownFileType = sourcecode.c.h; path = JTAdditions.h; sourceTree = "<group>"; };
		6C2317661F120AD700EB3193 /* NSArray+JTAddition.h */ = {isa = PBXFileReference; fileEncoding = 4; lastKnownFileType = sourcecode.c.h; path = "NSArray+JTAddition.h"; sourceTree = "<group>"; };
		6C2317671F120AD700EB3193 /* NSArray+JTAddition.m */ = {isa = PBXFileReference; fileEncoding = 4; lastKnownFileType = sourcecode.c.objc; path = "NSArray+JTAddition.m"; sourceTree = "<group>"; };
		6C2317681F120AD700EB3193 /* NSAttributedString+JTAdditon.h */ = {isa = PBXFileReference; fileEncoding = 4; lastKnownFileType = sourcecode.c.h; path = "NSAttributedString+JTAdditon.h"; sourceTree = "<group>"; };
		6C2317691F120AD700EB3193 /* NSAttributedString+JTAdditon.m */ = {isa = PBXFileReference; fileEncoding = 4; lastKnownFileType = sourcecode.c.objc; path = "NSAttributedString+JTAdditon.m"; sourceTree = "<group>"; };
		6C23176A1F120AD700EB3193 /* NSObject+JTAddition.h */ = {isa = PBXFileReference; fileEncoding = 4; lastKnownFileType = sourcecode.c.h; path = "NSObject+JTAddition.h"; sourceTree = "<group>"; };
		6C23176B1F120AD700EB3193 /* NSObject+JTAddition.m */ = {isa = PBXFileReference; fileEncoding = 4; lastKnownFileType = sourcecode.c.objc; path = "NSObject+JTAddition.m"; sourceTree = "<group>"; };
		6C23176C1F120AD700EB3193 /* UIColor+JTAddition.h */ = {isa = PBXFileReference; fileEncoding = 4; lastKnownFileType = sourcecode.c.h; path = "UIColor+JTAddition.h"; sourceTree = "<group>"; };
		6C23176D1F120AD700EB3193 /* UIColor+JTAddition.m */ = {isa = PBXFileReference; fileEncoding = 4; lastKnownFileType = sourcecode.c.objc; path = "UIColor+JTAddition.m"; sourceTree = "<group>"; };
		6C23176E1F120AD700EB3193 /* UILabel+JTAddition.h */ = {isa = PBXFileReference; fileEncoding = 4; lastKnownFileType = sourcecode.c.h; path = "UILabel+JTAddition.h"; sourceTree = "<group>"; };
		6C23176F1F120AD700EB3193 /* UILabel+JTAddition.m */ = {isa = PBXFileReference; fileEncoding = 4; lastKnownFileType = sourcecode.c.objc; path = "UILabel+JTAddition.m"; sourceTree = "<group>"; };
		6C2317701F120AD700EB3193 /* UIView+JTAddition.h */ = {isa = PBXFileReference; fileEncoding = 4; lastKnownFileType = sourcecode.c.h; path = "UIView+JTAddition.h"; sourceTree = "<group>"; };
		6C2317711F120AD700EB3193 /* UIView+JTAddition.m */ = {isa = PBXFileReference; fileEncoding = 4; lastKnownFileType = sourcecode.c.objc; path = "UIView+JTAddition.m"; sourceTree = "<group>"; };
		6C2317721F120AD700EB3193 /* UIViewController+JTAddition.h */ = {isa = PBXFileReference; fileEncoding = 4; lastKnownFileType = sourcecode.c.h; path = "UIViewController+JTAddition.h"; sourceTree = "<group>"; };
		6C2317731F120AD700EB3193 /* UIViewController+JTAddition.m */ = {isa = PBXFileReference; fileEncoding = 4; lastKnownFileType = sourcecode.c.objc; path = "UIViewController+JTAddition.m"; sourceTree = "<group>"; };
		6C23177C1F120E9D00EB3193 /* Weibo-bridge.h */ = {isa = PBXFileReference; fileEncoding = 4; lastKnownFileType = sourcecode.c.h; path = "Weibo-bridge.h"; sourceTree = "<group>"; };
		6C2317801F1212D500EB3193 /* WBHomeViewController.swift */ = {isa = PBXFileReference; fileEncoding = 4; lastKnownFileType = sourcecode.swift; path = WBHomeViewController.swift; sourceTree = "<group>"; };
		6C2317861F12131F00EB3193 /* WBMessageViewController.swift */ = {isa = PBXFileReference; fileEncoding = 4; lastKnownFileType = sourcecode.swift; name = WBMessageViewController.swift; path = "JTWeibo/Classes/Message(消息)/WBMessageViewController.swift"; sourceTree = SOURCE_ROOT; };
		6C2317881F12133D00EB3193 /* WBProfileViewController.swift */ = {isa = PBXFileReference; fileEncoding = 4; lastKnownFileType = sourcecode.swift; path = WBProfileViewController.swift; sourceTree = "<group>"; };
		6C23178D1F12142600EB3193 /* WBDiscoverViewController.swift */ = {isa = PBXFileReference; fileEncoding = 4; lastKnownFileType = sourcecode.swift; path = WBDiscoverViewController.swift; sourceTree = "<group>"; };
		6C23178F1F121CA500EB3193 /* UIButton+JTAddition.h */ = {isa = PBXFileReference; fileEncoding = 4; lastKnownFileType = sourcecode.c.h; path = "UIButton+JTAddition.h"; sourceTree = "<group>"; };
		6C2317901F121CA500EB3193 /* UIButton+JTAddition.m */ = {isa = PBXFileReference; fileEncoding = 4; lastKnownFileType = sourcecode.c.objc; path = "UIButton+JTAddition.m"; sourceTree = "<group>"; };
		6C2317921F121E9400EB3193 /* UIImage+JTAddition.h */ = {isa = PBXFileReference; fileEncoding = 4; lastKnownFileType = sourcecode.c.h; path = "UIImage+JTAddition.h"; sourceTree = "<group>"; };
		6C2317931F121E9400EB3193 /* UIImage+JTAddition.m */ = {isa = PBXFileReference; fileEncoding = 4; lastKnownFileType = sourcecode.c.objc; path = "UIImage+JTAddition.m"; sourceTree = "<group>"; };
		6C2317981F124A0C00EB3193 /* WBTestViewController.swift */ = {isa = PBXFileReference; fileEncoding = 4; lastKnownFileType = sourcecode.swift; path = WBTestViewController.swift; sourceTree = "<group>"; };
		6C23179A1F12535E00EB3193 /* UIBarButtonItem+Extension.swift */ = {isa = PBXFileReference; fileEncoding = 4; lastKnownFileType = sourcecode.swift; path = "UIBarButtonItem+Extension.swift"; sourceTree = "<group>"; };
		6C23179C1F12597700EB3193 /* UIScreen+JTAddition.h */ = {isa = PBXFileReference; fileEncoding = 4; lastKnownFileType = sourcecode.c.h; path = "UIScreen+JTAddition.h"; sourceTree = "<group>"; };
		6C23179D1F12597700EB3193 /* UIScreen+JTAddition.m */ = {isa = PBXFileReference; fileEncoding = 4; lastKnownFileType = sourcecode.c.objc; path = "UIScreen+JTAddition.m"; sourceTree = "<group>"; };
		6C23179F1F136DE400EB3193 /* WBVisitorView.swift */ = {isa = PBXFileReference; fileEncoding = 4; lastKnownFileType = sourcecode.swift; path = WBVisitorView.swift; sourceTree = "<group>"; };
/* End PBXFileReference section */

/* Begin PBXFrameworksBuildPhase section */
		6C2317171F11CBF600EB3193 /* Frameworks */ = {
			isa = PBXFrameworksBuildPhase;
			buildActionMask = 2147483647;
			files = (
			);
			runOnlyForDeploymentPostprocessing = 0;
		};
		6C23172B1F11CBF600EB3193 /* Frameworks */ = {
			isa = PBXFrameworksBuildPhase;
			buildActionMask = 2147483647;
			files = (
			);
			runOnlyForDeploymentPostprocessing = 0;
		};
		6C2317361F11CBF600EB3193 /* Frameworks */ = {
			isa = PBXFrameworksBuildPhase;
			buildActionMask = 2147483647;
			files = (
			);
			runOnlyForDeploymentPostprocessing = 0;
		};
/* End PBXFrameworksBuildPhase section */

/* Begin PBXGroup section */
		6C2317111F11CBF600EB3193 = {
			isa = PBXGroup;
			children = (
				6C23171C1F11CBF600EB3193 /* JTWeibo */,
				6C2317311F11CBF600EB3193 /* JTWeiboTests */,
				6C23173C1F11CBF600EB3193 /* JTWeiboUITests */,
				6C23171B1F11CBF600EB3193 /* Products */,
			);
			sourceTree = "<group>";
		};
		6C23171B1F11CBF600EB3193 /* Products */ = {
			isa = PBXGroup;
			children = (
				6C23171A1F11CBF600EB3193 /* JTWeibo.app */,
				6C23172E1F11CBF600EB3193 /* JTWeiboTests.xctest */,
				6C2317391F11CBF600EB3193 /* JTWeiboUITests.xctest */,
			);
			name = Products;
			sourceTree = "<group>";
		};
		6C23171C1F11CBF600EB3193 /* JTWeibo */ = {
			isa = PBXGroup;
			children = (
				6C23174B1F11D07D00EB3193 /* Classes */,
				6C2317241F11CBF600EB3193 /* Assets.xcassets */,
				6C23177C1F120E9D00EB3193 /* Weibo-bridge.h */,
				6C2317291F11CBF600EB3193 /* Info.plist */,
			);
			path = JTWeibo;
			sourceTree = "<group>";
		};
		6C2317311F11CBF600EB3193 /* JTWeiboTests */ = {
			isa = PBXGroup;
			children = (
				6C2317321F11CBF600EB3193 /* JTWeiboTests.swift */,
				6C2317341F11CBF600EB3193 /* Info.plist */,
			);
			path = JTWeiboTests;
			sourceTree = "<group>";
		};
		6C23173C1F11CBF600EB3193 /* JTWeiboUITests */ = {
			isa = PBXGroup;
			children = (
				6C23173D1F11CBF600EB3193 /* JTWeiboUITests.swift */,
				6C23173F1F11CBF600EB3193 /* Info.plist */,
			);
			path = JTWeiboUITests;
			sourceTree = "<group>";
		};
		6C23174B1F11D07D00EB3193 /* Classes */ = {
			isa = PBXGroup;
			children = (
				6C23178C1F12142600EB3193 /* Discover(发现) */,
				6C2317841F1212EF00EB3193 /* Message(消息) */,
				6C2317851F1212EF00EB3193 /* Profile(我) */,
				6C23177D1F1212D500EB3193 /* Home(首页) */,
				6C2317501F11D07D00EB3193 /* Main */,
			);
			path = Classes;
			sourceTree = "<group>";
		};
		6C2317501F11D07D00EB3193 /* Main */ = {
			isa = PBXGroup;
			children = (
				6C2317601F11E3ED00EB3193 /* Tools */,
				6C2317541F11D07D00EB3193 /* View(视图和控制器) */,
				6C2317511F11D07D00EB3193 /* Model(模型) */,
				6C2317551F11D07D00EB3193 /* ViewModel(视图模型) */,
				6C2317521F11D07D00EB3193 /* Other */,
			);
			path = Main;
			sourceTree = "<group>";
		};
		6C2317511F11D07D00EB3193 /* Model(模型) */ = {
			isa = PBXGroup;
			children = (
			);
			path = "Model(模型)";
			sourceTree = "<group>";
		};
		6C2317521F11D07D00EB3193 /* Other */ = {
			isa = PBXGroup;
			children = (
				6C2317531F11D07D00EB3193 /* AppDelegate.swift */,
			);
			path = Other;
			sourceTree = "<group>";
		};
		6C2317541F11D07D00EB3193 /* View(视图和控制器) */ = {
			isa = PBXGroup;
			children = (
				6C2317571F11D11900EB3193 /* WBTabbarController.swift */,
				6C2317591F11D13000EB3193 /* WBNavigationController.swift */,
				6C23175B1F11D16C00EB3193 /* WBBaseViewController.swift */,
				6C23179F1F136DE400EB3193 /* WBVisitorView.swift */,
			);
			path = "View(视图和控制器)";
			sourceTree = "<group>";
		};
		6C2317551F11D07D00EB3193 /* ViewModel(视图模型) */ = {
			isa = PBXGroup;
			children = (
			);
			path = "ViewModel(视图模型)";
			sourceTree = "<group>";
		};
		6C2317601F11E3ED00EB3193 /* Tools */ = {
			isa = PBXGroup;
			children = (
				6C2317641F120AD700EB3193 /* Additions */,
				6C2317611F11E3ED00EB3193 /* Extensions */,
			);
			path = Tools;
			sourceTree = "<group>";
		};
		6C2317611F11E3ED00EB3193 /* Extensions */ = {
			isa = PBXGroup;
			children = (
				6C2317621F11E41400EB3193 /* Bundle+Extension.swift */,
				6C23179A1F12535E00EB3193 /* UIBarButtonItem+Extension.swift */,
			);
			path = Extensions;
			sourceTree = "<group>";
		};
		6C2317641F120AD700EB3193 /* Additions */ = {
			isa = PBXGroup;
			children = (
				6C2317651F120AD700EB3193 /* JTAdditions.h */,
				6C2317661F120AD700EB3193 /* NSArray+JTAddition.h */,
				6C2317671F120AD700EB3193 /* NSArray+JTAddition.m */,
				6C2317681F120AD700EB3193 /* NSAttributedString+JTAdditon.h */,
				6C2317691F120AD700EB3193 /* NSAttributedString+JTAdditon.m */,
				6C23176A1F120AD700EB3193 /* NSObject+JTAddition.h */,
				6C23176B1F120AD700EB3193 /* NSObject+JTAddition.m */,
				6C23176C1F120AD700EB3193 /* UIColor+JTAddition.h */,
				6C23176D1F120AD700EB3193 /* UIColor+JTAddition.m */,
				6C23176E1F120AD700EB3193 /* UILabel+JTAddition.h */,
				6C23176F1F120AD700EB3193 /* UILabel+JTAddition.m */,
				6C2317701F120AD700EB3193 /* UIView+JTAddition.h */,
				6C2317711F120AD700EB3193 /* UIView+JTAddition.m */,
				6C2317721F120AD700EB3193 /* UIViewController+JTAddition.h */,
				6C2317731F120AD700EB3193 /* UIViewController+JTAddition.m */,
				6C23178F1F121CA500EB3193 /* UIButton+JTAddition.h */,
				6C2317901F121CA500EB3193 /* UIButton+JTAddition.m */,
				6C2317921F121E9400EB3193 /* UIImage+JTAddition.h */,
				6C2317931F121E9400EB3193 /* UIImage+JTAddition.m */,
				6C23179C1F12597700EB3193 /* UIScreen+JTAddition.h */,
				6C23179D1F12597700EB3193 /* UIScreen+JTAddition.m */,
			);
			path = Additions;
			sourceTree = "<group>";
		};
		6C23177D1F1212D500EB3193 /* Home(首页) */ = {
			isa = PBXGroup;
			children = (
				6C23177E1F1212D500EB3193 /* Model(模型) */,
				6C23177F1F1212D500EB3193 /* View(视图和控制器) */,
				6C2317811F1212D500EB3193 /* ViewModel(视图模型) */,
			);
			path = "Home(首页)";
			sourceTree = "<group>";
		};
		6C23177E1F1212D500EB3193 /* Model(模型) */ = {
			isa = PBXGroup;
			children = (
			);
			path = "Model(模型)";
			sourceTree = "<group>";
		};
		6C23177F1F1212D500EB3193 /* View(视图和控制器) */ = {
			isa = PBXGroup;
			children = (
				6C2317801F1212D500EB3193 /* WBHomeViewController.swift */,
				6C2317981F124A0C00EB3193 /* WBTestViewController.swift */,
			);
			path = "View(视图和控制器)";
			sourceTree = "<group>";
		};
		6C2317811F1212D500EB3193 /* ViewModel(视图模型) */ = {
			isa = PBXGroup;
			children = (
			);
			path = "ViewModel(视图模型)";
			sourceTree = "<group>";
		};
		6C2317841F1212EF00EB3193 /* Message(消息) */ = {
			isa = PBXGroup;
			children = (
				6C2317861F12131F00EB3193 /* WBMessageViewController.swift */,
			);
			path = "Message(消息)";
			sourceTree = "<group>";
		};
		6C2317851F1212EF00EB3193 /* Profile(我) */ = {
			isa = PBXGroup;
			children = (
				6C2317881F12133D00EB3193 /* WBProfileViewController.swift */,
			);
			path = "Profile(我)";
			sourceTree = "<group>";
		};
		6C23178C1F12142600EB3193 /* Discover(发现) */ = {
			isa = PBXGroup;
			children = (
				6C23178D1F12142600EB3193 /* WBDiscoverViewController.swift */,
			);
			path = "Discover(发现)";
			sourceTree = "<group>";
		};
/* End PBXGroup section */

/* Begin PBXNativeTarget section */
		6C2317191F11CBF600EB3193 /* JTWeibo */ = {
			isa = PBXNativeTarget;
			buildConfigurationList = 6C2317421F11CBF600EB3193 /* Build configuration list for PBXNativeTarget "JTWeibo" */;
			buildPhases = (
				6C2317161F11CBF600EB3193 /* Sources */,
				6C2317171F11CBF600EB3193 /* Frameworks */,
				6C2317181F11CBF600EB3193 /* Resources */,
			);
			buildRules = (
			);
			dependencies = (
			);
			name = JTWeibo;
			productName = JTWeibo;
			productReference = 6C23171A1F11CBF600EB3193 /* JTWeibo.app */;
			productType = "com.apple.product-type.application";
		};
		6C23172D1F11CBF600EB3193 /* JTWeiboTests */ = {
			isa = PBXNativeTarget;
			buildConfigurationList = 6C2317451F11CBF600EB3193 /* Build configuration list for PBXNativeTarget "JTWeiboTests" */;
			buildPhases = (
				6C23172A1F11CBF600EB3193 /* Sources */,
				6C23172B1F11CBF600EB3193 /* Frameworks */,
				6C23172C1F11CBF600EB3193 /* Resources */,
			);
			buildRules = (
			);
			dependencies = (
				6C2317301F11CBF600EB3193 /* PBXTargetDependency */,
			);
			name = JTWeiboTests;
			productName = JTWeiboTests;
			productReference = 6C23172E1F11CBF600EB3193 /* JTWeiboTests.xctest */;
			productType = "com.apple.product-type.bundle.unit-test";
		};
		6C2317381F11CBF600EB3193 /* JTWeiboUITests */ = {
			isa = PBXNativeTarget;
			buildConfigurationList = 6C2317481F11CBF600EB3193 /* Build configuration list for PBXNativeTarget "JTWeiboUITests" */;
			buildPhases = (
				6C2317351F11CBF600EB3193 /* Sources */,
				6C2317361F11CBF600EB3193 /* Frameworks */,
				6C2317371F11CBF600EB3193 /* Resources */,
			);
			buildRules = (
			);
			dependencies = (
				6C23173B1F11CBF600EB3193 /* PBXTargetDependency */,
			);
			name = JTWeiboUITests;
			productName = JTWeiboUITests;
			productReference = 6C2317391F11CBF600EB3193 /* JTWeiboUITests.xctest */;
			productType = "com.apple.product-type.bundle.ui-testing";
		};
/* End PBXNativeTarget section */

/* Begin PBXProject section */
		6C2317121F11CBF600EB3193 /* Project object */ = {
			isa = PBXProject;
			attributes = {
				CLASSPREFIX = WB;
				LastSwiftUpdateCheck = 0800;
				LastUpgradeCheck = 0800;
				ORGANIZATIONNAME = BJT;
				TargetAttributes = {
					6C2317191F11CBF600EB3193 = {
						CreatedOnToolsVersion = 8.0;
						ProvisioningStyle = Automatic;
					};
					6C23172D1F11CBF600EB3193 = {
						CreatedOnToolsVersion = 8.0;
						ProvisioningStyle = Automatic;
						TestTargetID = 6C2317191F11CBF600EB3193;
					};
					6C2317381F11CBF600EB3193 = {
						CreatedOnToolsVersion = 8.0;
						ProvisioningStyle = Automatic;
						TestTargetID = 6C2317191F11CBF600EB3193;
					};
				};
			};
			buildConfigurationList = 6C2317151F11CBF600EB3193 /* Build configuration list for PBXProject "JTWeibo" */;
			compatibilityVersion = "Xcode 3.2";
			developmentRegion = English;
			hasScannedForEncodings = 0;
			knownRegions = (
				en,
				Base,
			);
			mainGroup = 6C2317111F11CBF600EB3193;
			productRefGroup = 6C23171B1F11CBF600EB3193 /* Products */;
			projectDirPath = "";
			projectRoot = "";
			targets = (
				6C2317191F11CBF600EB3193 /* JTWeibo */,
				6C23172D1F11CBF600EB3193 /* JTWeiboTests */,
				6C2317381F11CBF600EB3193 /* JTWeiboUITests */,
			);
		};
/* End PBXProject section */

/* Begin PBXResourcesBuildPhase section */
		6C2317181F11CBF600EB3193 /* Resources */ = {
			isa = PBXResourcesBuildPhase;
			buildActionMask = 2147483647;
			files = (
				6C2317251F11CBF600EB3193 /* Assets.xcassets in Resources */,
			);
			runOnlyForDeploymentPostprocessing = 0;
		};
		6C23172C1F11CBF600EB3193 /* Resources */ = {
			isa = PBXResourcesBuildPhase;
			buildActionMask = 2147483647;
			files = (
			);
			runOnlyForDeploymentPostprocessing = 0;
		};
		6C2317371F11CBF600EB3193 /* Resources */ = {
			isa = PBXResourcesBuildPhase;
			buildActionMask = 2147483647;
			files = (
			);
			runOnlyForDeploymentPostprocessing = 0;
		};
/* End PBXResourcesBuildPhase section */

/* Begin PBXSourcesBuildPhase section */
		6C2317161F11CBF600EB3193 /* Sources */ = {
			isa = PBXSourcesBuildPhase;
			buildActionMask = 2147483647;
			files = (
				6C2317791F120AD700EB3193 /* UIView+JTAddition.m in Sources */,
				6C2317871F12131F00EB3193 /* WBMessageViewController.swift in Sources */,
				6C2317A01F136DE400EB3193 /* WBVisitorView.swift in Sources */,
				6C23175C1F11D16C00EB3193 /* WBBaseViewController.swift in Sources */,
				6C2317631F11E41400EB3193 /* Bundle+Extension.swift in Sources */,
				6C2317891F12133D00EB3193 /* WBProfileViewController.swift in Sources */,
				6C2317991F124A0C00EB3193 /* WBTestViewController.swift in Sources */,
				6C2317941F121E9400EB3193 /* UIImage+JTAddition.m in Sources */,
				6C23177A1F120AD700EB3193 /* UIViewController+JTAddition.m in Sources */,
				6C2317911F121CA500EB3193 /* UIButton+JTAddition.m in Sources */,
				6C2317581F11D11900EB3193 /* WBTabbarController.swift in Sources */,
				6C2317561F11D07D00EB3193 /* AppDelegate.swift in Sources */,
				6C2317781F120AD700EB3193 /* UILabel+JTAddition.m in Sources */,
				6C23179B1F12535E00EB3193 /* UIBarButtonItem+Extension.swift in Sources */,
				6C2317751F120AD700EB3193 /* NSAttributedString+JTAdditon.m in Sources */,
				6C2317761F120AD700EB3193 /* NSObject+JTAddition.m in Sources */,
				6C2317771F120AD700EB3193 /* UIColor+JTAddition.m in Sources */,
				6C23179E1F12597700EB3193 /* UIScreen+JTAddition.m in Sources */,
				6C23175A1F11D13000EB3193 /* WBNavigationController.swift in Sources */,
				6C2317821F1212D500EB3193 /* WBHomeViewController.swift in Sources */,
				6C23178E1F12142600EB3193 /* WBDiscoverViewController.swift in Sources */,
				6C2317741F120AD700EB3193 /* NSArray+JTAddition.m in Sources */,
			);
			runOnlyForDeploymentPostprocessing = 0;
		};
		6C23172A1F11CBF600EB3193 /* Sources */ = {
			isa = PBXSourcesBuildPhase;
			buildActionMask = 2147483647;
			files = (
				6C2317331F11CBF600EB3193 /* JTWeiboTests.swift in Sources */,
			);
			runOnlyForDeploymentPostprocessing = 0;
		};
		6C2317351F11CBF600EB3193 /* Sources */ = {
			isa = PBXSourcesBuildPhase;
			buildActionMask = 2147483647;
			files = (
				6C23173E1F11CBF600EB3193 /* JTWeiboUITests.swift in Sources */,
			);
			runOnlyForDeploymentPostprocessing = 0;
		};
/* End PBXSourcesBuildPhase section */

/* Begin PBXTargetDependency section */
		6C2317301F11CBF600EB3193 /* PBXTargetDependency */ = {
			isa = PBXTargetDependency;
			target = 6C2317191F11CBF600EB3193 /* JTWeibo */;
			targetProxy = 6C23172F1F11CBF600EB3193 /* PBXContainerItemProxy */;
		};
		6C23173B1F11CBF600EB3193 /* PBXTargetDependency */ = {
			isa = PBXTargetDependency;
			target = 6C2317191F11CBF600EB3193 /* JTWeibo */;
			targetProxy = 6C23173A1F11CBF600EB3193 /* PBXContainerItemProxy */;
		};
/* End PBXTargetDependency section */

/* Begin XCBuildConfiguration section */
		6C2317401F11CBF600EB3193 /* Debug */ = {
			isa = XCBuildConfiguration;
			buildSettings = {
				ALWAYS_SEARCH_USER_PATHS = NO;
				CLANG_ANALYZER_NONNULL = YES;
				CLANG_CXX_LANGUAGE_STANDARD = "gnu++0x";
				CLANG_CXX_LIBRARY = "libc++";
				CLANG_ENABLE_MODULES = YES;
				CLANG_ENABLE_OBJC_ARC = YES;
				CLANG_WARN_BOOL_CONVERSION = YES;
				CLANG_WARN_CONSTANT_CONVERSION = YES;
				CLANG_WARN_DIRECT_OBJC_ISA_USAGE = YES_ERROR;
				CLANG_WARN_DOCUMENTATION_COMMENTS = YES;
				CLANG_WARN_EMPTY_BODY = YES;
				CLANG_WARN_ENUM_CONVERSION = YES;
				CLANG_WARN_INFINITE_RECURSION = YES;
				CLANG_WARN_INT_CONVERSION = YES;
				CLANG_WARN_OBJC_ROOT_CLASS = YES_ERROR;
				CLANG_WARN_SUSPICIOUS_MOVES = YES;
				CLANG_WARN_UNREACHABLE_CODE = YES;
				CLANG_WARN__DUPLICATE_METHOD_MATCH = YES;
				"CODE_SIGN_IDENTITY[sdk=iphoneos*]" = "iPhone Developer";
				COPY_PHASE_STRIP = NO;
				DEBUG_INFORMATION_FORMAT = dwarf;
				ENABLE_STRICT_OBJC_MSGSEND = YES;
				ENABLE_TESTABILITY = YES;
				GCC_C_LANGUAGE_STANDARD = gnu99;
				GCC_DYNAMIC_NO_PIC = NO;
				GCC_NO_COMMON_BLOCKS = YES;
				GCC_OPTIMIZATION_LEVEL = 0;
				GCC_PREPROCESSOR_DEFINITIONS = (
					"DEBUG=1",
					"$(inherited)",
				);
				GCC_WARN_64_TO_32_BIT_CONVERSION = YES;
				GCC_WARN_ABOUT_RETURN_TYPE = YES_ERROR;
				GCC_WARN_UNDECLARED_SELECTOR = YES;
				GCC_WARN_UNINITIALIZED_AUTOS = YES_AGGRESSIVE;
				GCC_WARN_UNUSED_FUNCTION = YES;
				GCC_WARN_UNUSED_VARIABLE = YES;
				IPHONEOS_DEPLOYMENT_TARGET = 10.0;
				MTL_ENABLE_DEBUG_INFO = YES;
				ONLY_ACTIVE_ARCH = YES;
				SDKROOT = iphoneos;
				SWIFT_ACTIVE_COMPILATION_CONDITIONS = DEBUG;
				SWIFT_OPTIMIZATION_LEVEL = "-Onone";
			};
			name = Debug;
		};
		6C2317411F11CBF600EB3193 /* Release */ = {
			isa = XCBuildConfiguration;
			buildSettings = {
				ALWAYS_SEARCH_USER_PATHS = NO;
				CLANG_ANALYZER_NONNULL = YES;
				CLANG_CXX_LANGUAGE_STANDARD = "gnu++0x";
				CLANG_CXX_LIBRARY = "libc++";
				CLANG_ENABLE_MODULES = YES;
				CLANG_ENABLE_OBJC_ARC = YES;
				CLANG_WARN_BOOL_CONVERSION = YES;
				CLANG_WARN_CONSTANT_CONVERSION = YES;
				CLANG_WARN_DIRECT_OBJC_ISA_USAGE = YES_ERROR;
				CLANG_WARN_DOCUMENTATION_COMMENTS = YES;
				CLANG_WARN_EMPTY_BODY = YES;
				CLANG_WARN_ENUM_CONVERSION = YES;
				CLANG_WARN_INFINITE_RECURSION = YES;
				CLANG_WARN_INT_CONVERSION = YES;
				CLANG_WARN_OBJC_ROOT_CLASS = YES_ERROR;
				CLANG_WARN_SUSPICIOUS_MOVES = YES;
				CLANG_WARN_UNREACHABLE_CODE = YES;
				CLANG_WARN__DUPLICATE_METHOD_MATCH = YES;
				"CODE_SIGN_IDENTITY[sdk=iphoneos*]" = "iPhone Developer";
				COPY_PHASE_STRIP = NO;
				DEBUG_INFORMATION_FORMAT = "dwarf-with-dsym";
				ENABLE_NS_ASSERTIONS = NO;
				ENABLE_STRICT_OBJC_MSGSEND = YES;
				GCC_C_LANGUAGE_STANDARD = gnu99;
				GCC_NO_COMMON_BLOCKS = YES;
				GCC_WARN_64_TO_32_BIT_CONVERSION = YES;
				GCC_WARN_ABOUT_RETURN_TYPE = YES_ERROR;
				GCC_WARN_UNDECLARED_SELECTOR = YES;
				GCC_WARN_UNINITIALIZED_AUTOS = YES_AGGRESSIVE;
				GCC_WARN_UNUSED_FUNCTION = YES;
				GCC_WARN_UNUSED_VARIABLE = YES;
				IPHONEOS_DEPLOYMENT_TARGET = 10.0;
				MTL_ENABLE_DEBUG_INFO = NO;
				SDKROOT = iphoneos;
				SWIFT_OPTIMIZATION_LEVEL = "-Owholemodule";
				VALIDATE_PRODUCT = YES;
			};
			name = Release;
		};
		6C2317431F11CBF600EB3193 /* Debug */ = {
			isa = XCBuildConfiguration;
			buildSettings = {
				ASSETCATALOG_COMPILER_APPICON_NAME = AppIcon;
				ASSETCATALOG_COMPILER_LAUNCHIMAGE_NAME = LaunchImage;
				INFOPLIST_FILE = JTWeibo/Info.plist;
				IPHONEOS_DEPLOYMENT_TARGET = 8.1;
				LD_RUNPATH_SEARCH_PATHS = "$(inherited) @executable_path/Frameworks";
				PRODUCT_BUNDLE_IDENTIFIER = com.BJT.JTWeibo;
				PRODUCT_NAME = "$(TARGET_NAME)";
				SWIFT_OBJC_BRIDGING_HEADER = "JTweibo/Weibo-bridge.h";
				SWIFT_VERSION = 3.0;
			};
			name = Debug;
		};
		6C2317441F11CBF600EB3193 /* Release */ = {
			isa = XCBuildConfiguration;
			buildSettings = {
				ASSETCATALOG_COMPILER_APPICON_NAME = AppIcon;
				ASSETCATALOG_COMPILER_LAUNCHIMAGE_NAME = LaunchImage;
				INFOPLIST_FILE = JTWeibo/Info.plist;
				IPHONEOS_DEPLOYMENT_TARGET = 8.1;
				LD_RUNPATH_SEARCH_PATHS = "$(inherited) @executable_path/Frameworks";
				PRODUCT_BUNDLE_IDENTIFIER = com.BJT.JTWeibo;
				PRODUCT_NAME = "$(TARGET_NAME)";
				SWIFT_OBJC_BRIDGING_HEADER = "JTweibo/Weibo-bridge.h";
				SWIFT_VERSION = 3.0;
			};
			name = Release;
		};
		6C2317461F11CBF600EB3193 /* Debug */ = {
			isa = XCBuildConfiguration;
			buildSettings = {
				ALWAYS_EMBED_SWIFT_STANDARD_LIBRARIES = YES;
				BUNDLE_LOADER = "$(TEST_HOST)";
				INFOPLIST_FILE = JTWeiboTests/Info.plist;
				LD_RUNPATH_SEARCH_PATHS = "$(inherited) @executable_path/Frameworks @loader_path/Frameworks";
				PRODUCT_BUNDLE_IDENTIFIER = com.BJT.JTWeiboTests;
				PRODUCT_NAME = "$(TARGET_NAME)";
				SWIFT_VERSION = 3.0;
				TEST_HOST = "$(BUILT_PRODUCTS_DIR)/JTWeibo.app/JTWeibo";
			};
			name = Debug;
		};
		6C2317471F11CBF600EB3193 /* Release */ = {
			isa = XCBuildConfiguration;
			buildSettings = {
				ALWAYS_EMBED_SWIFT_STANDARD_LIBRARIES = YES;
				BUNDLE_LOADER = "$(TEST_HOST)";
				INFOPLIST_FILE = JTWeiboTests/Info.plist;
				LD_RUNPATH_SEARCH_PATHS = "$(inherited) @executable_path/Frameworks @loader_path/Frameworks";
				PRODUCT_BUNDLE_IDENTIFIER = com.BJT.JTWeiboTests;
				PRODUCT_NAME = "$(TARGET_NAME)";
				SWIFT_VERSION = 3.0;
				TEST_HOST = "$(BUILT_PRODUCTS_DIR)/JTWeibo.app/JTWeibo";
			};
			name = Release;
		};
		6C2317491F11CBF600EB3193 /* Debug */ = {
			isa = XCBuildConfiguration;
			buildSettings = {
				ALWAYS_EMBED_SWIFT_STANDARD_LIBRARIES = YES;
				INFOPLIST_FILE = JTWeiboUITests/Info.plist;
				LD_RUNPATH_SEARCH_PATHS = "$(inherited) @executable_path/Frameworks @loader_path/Frameworks";
				PRODUCT_BUNDLE_IDENTIFIER = com.BJT.JTWeiboUITests;
				PRODUCT_NAME = "$(TARGET_NAME)";
				SWIFT_VERSION = 3.0;
				TEST_TARGET_NAME = JTWeibo;
			};
			name = Debug;
		};
		6C23174A1F11CBF600EB3193 /* Release */ = {
			isa = XCBuildConfiguration;
			buildSettings = {
				ALWAYS_EMBED_SWIFT_STANDARD_LIBRARIES = YES;
				INFOPLIST_FILE = JTWeiboUITests/Info.plist;
				LD_RUNPATH_SEARCH_PATHS = "$(inherited) @executable_path/Frameworks @loader_path/Frameworks";
				PRODUCT_BUNDLE_IDENTIFIER = com.BJT.JTWeiboUITests;
				PRODUCT_NAME = "$(TARGET_NAME)";
				SWIFT_VERSION = 3.0;
				TEST_TARGET_NAME = JTWeibo;
			};
			name = Release;
		};
/* End XCBuildConfiguration section */

/* Begin XCConfigurationList section */
		6C2317151F11CBF600EB3193 /* Build configuration list for PBXProject "JTWeibo" */ = {
			isa = XCConfigurationList;
			buildConfigurations = (
				6C2317401F11CBF600EB3193 /* Debug */,
				6C2317411F11CBF600EB3193 /* Release */,
			);
			defaultConfigurationIsVisible = 0;
			defaultConfigurationName = Release;
		};
		6C2317421F11CBF600EB3193 /* Build configuration list for PBXNativeTarget "JTWeibo" */ = {
			isa = XCConfigurationList;
			buildConfigurations = (
				6C2317431F11CBF600EB3193 /* Debug */,
				6C2317441F11CBF600EB3193 /* Release */,
			);
			defaultConfigurationIsVisible = 0;
			defaultConfigurationName = Release;
		};
		6C2317451F11CBF600EB3193 /* Build configuration list for PBXNativeTarget "JTWeiboTests" */ = {
			isa = XCConfigurationList;
			buildConfigurations = (
				6C2317461F11CBF600EB3193 /* Debug */,
				6C2317471F11CBF600EB3193 /* Release */,
			);
			defaultConfigurationIsVisible = 0;
			defaultConfigurationName = Release;
		};
		6C2317481F11CBF600EB3193 /* Build configuration list for PBXNativeTarget "JTWeiboUITests" */ = {
			isa = XCConfigurationList;
			buildConfigurations = (
				6C2317491F11CBF600EB3193 /* Debug */,
				6C23174A1F11CBF600EB3193 /* Release */,
			);
			defaultConfigurationIsVisible = 0;
			defaultConfigurationName = Release;
		};
/* End XCConfigurationList section */
	};
	rootObject = 6C2317121F11CBF600EB3193 /* Project object */;
}
